
Microsoft Visual Studio Solution File, Format Version 12.00
# Visual Studio Version 17
VisualStudioVersion = 17.12.35707.178
MinimumVisualStudioVersion = 10.0.40219.1
Project("{FAE04EC0-301F-11D3-BF4B-00C04F79EFBC}") = "VBAN_Studio.Server", "VBAN_Studio.Server\VBAN_Studio.Server.csproj", "{43FDD867-A2AE-4154-A7C0-F2DDDEE7AEC9}"
	ProjectSection(ProjectDependencies) = postProject
		{CF280510-6798-47C1-98BA-44679CF83460} = {CF280510-6798-47C1-98BA-44679CF83460}
	EndProjectSection
EndProject
Project("{FAE04EC0-301F-11D3-BF4B-00C04F79EFBC}") = "VBAN_Studio.Common", "VBAN_Studio.Common\VBAN_Studio.Common.csproj", "{8B9EACCC-76F9-4C7E-BB85-9D002B0EFE77}"
EndProject
Project("{FAE04EC0-301F-11D3-BF4B-00C04F79EFBC}") = "VBAN_Studio.Core", "VBAN_Studio.Core\VBAN_Studio.Core.csproj", "{CF280510-6798-47C1-98BA-44679CF83460}"
EndProject
Project("{FAE04EC0-301F-11D3-BF4B-00C04F79EFBC}") = "VBAN_Studio.WebServer", "VBAN_Studio.WebServer\VBAN_Studio.WebServer.csproj", "{7E750E8A-909E-483E-BAB1-F8320E39022A}"
	ProjectSection(ProjectDependencies) = postProject
		{CF280510-6798-47C1-98BA-44679CF83460} = {CF280510-6798-47C1-98BA-44679CF83460}
	EndProjectSection
EndProject
Global
	GlobalSection(SolutionConfigurationPlatforms) = preSolution
		Debug|Any CPU = Debug|Any CPU
		Release|Any CPU = Release|Any CPU
	EndGlobalSection
	GlobalSection(ProjectConfigurationPlatforms) = postSolution
		{43FDD867-A2AE-4154-A7C0-F2DDDEE7AEC9}.Debug|Any CPU.ActiveCfg = Debug|Any CPU
		{43FDD867-A2AE-4154-A7C0-F2DDDEE7AEC9}.Debug|Any CPU.Build.0 = Debug|Any CPU
		{43FDD867-A2AE-4154-A7C0-F2DDDEE7AEC9}.Release|Any CPU.ActiveCfg = Release|Any CPU
		{43FDD867-A2AE-4154-A7C0-F2DDDEE7AEC9}.Release|Any CPU.Build.0 = Release|Any CPU
		{8B9EACCC-76F9-4C7E-BB85-9D002B0EFE77}.Debug|Any CPU.ActiveCfg = Debug|Any CPU
		{8B9EACCC-76F9-4C7E-BB85-9D002B0EFE77}.Debug|Any CPU.Build.0 = Debug|Any CPU
		{8B9EACCC-76F9-4C7E-BB85-9D002B0EFE77}.Release|Any CPU.ActiveCfg = Release|Any CPU
		{8B9EACCC-76F9-4C7E-BB85-9D002B0EFE77}.Release|Any CPU.Build.0 = Release|Any CPU
		{CF280510-6798-47C1-98BA-44679CF83460}.Debug|Any CPU.ActiveCfg = Debug|Any CPU
		{CF280510-6798-47C1-98BA-44679CF83460}.Debug|Any CPU.Build.0 = Debug|Any CPU
		{CF280510-6798-47C1-98BA-44679CF83460}.Release|Any CPU.ActiveCfg = Release|Any CPU
		{CF280510-6798-47C1-98BA-44679CF83460}.Release|Any CPU.Build.0 = Release|Any CPU
		{7E750E8A-909E-483E-BAB1-F8320E39022A}.Debug|Any CPU.ActiveCfg = Debug|Any CPU
		{7E750E8A-909E-483E-BAB1-F8320E39022A}.Debug|Any CPU.Build.0 = Debug|Any CPU
		{7E750E8A-909E-483E-BAB1-F8320E39022A}.Release|Any CPU.ActiveCfg = Release|Any CPU
		{7E750E8A-909E-483E-BAB1-F8320E39022A}.Release|Any CPU.Build.0 = Release|Any CPU
	EndGlobalSection
	GlobalSection(SolutionProperties) = preSolution
		HideSolutionNode = FALSE
	EndGlobalSection
EndGlobal
